
Microsoft Visual Studio Solution File, Format Version 12.00
# Visual Studio 15
VisualStudioVersion = 15.0.27130.2020
MinimumVisualStudioVersion = 10.0.40219.1
Project("{9A19103F-16F7-4668-BE54-9A1E7A4F7556}") = "ProjectManga.Web", "ProjectManga.Web\ProjectManga.Web.csproj", "{277DEDB8-C830-4CFE-9FC0-861AAD68827C}"
EndProject
Project("{FAE04EC0-301F-11D3-BF4B-00C04F79EFBC}") = "ProjectManga.Domain", "ProjectManga.Domain\ProjectManga.Domain.csproj", "{C187188E-B793-4167-AF62-DE664F3EDC19}"
EndProject
Global
	GlobalSection(SolutionConfigurationPlatforms) = preSolution
		Debug|Any CPU = Debug|Any CPU
		Release|Any CPU = Release|Any CPU
	EndGlobalSection
	GlobalSection(ProjectConfigurationPlatforms) = postSolution
		{277DEDB8-C830-4CFE-9FC0-861AAD68827C}.Debug|Any CPU.ActiveCfg = Debug|Any CPU
		{277DEDB8-C830-4CFE-9FC0-861AAD68827C}.Debug|Any CPU.Build.0 = Debug|Any CPU
		{277DEDB8-C830-4CFE-9FC0-861AAD68827C}.Release|Any CPU.ActiveCfg = Release|Any CPU
		{277DEDB8-C830-4CFE-9FC0-861AAD68827C}.Release|Any CPU.Build.0 = Release|Any CPU
		{C187188E-B793-4167-AF62-DE664F3EDC19}.Debug|Any CPU.ActiveCfg = Debug|Any CPU
		{C187188E-B793-4167-AF62-DE664F3EDC19}.Debug|Any CPU.Build.0 = Debug|Any CPU
		{C187188E-B793-4167-AF62-DE664F3EDC19}.Release|Any CPU.ActiveCfg = Release|Any CPU
		{C187188E-B793-4167-AF62-DE664F3EDC19}.Release|Any CPU.Build.0 = Release|Any CPU
	EndGlobalSection
	GlobalSection(SolutionProperties) = preSolution
		HideSolutionNode = FALSE
	EndGlobalSection
	GlobalSection(ExtensibilityGlobals) = postSolution
		SolutionGuid = {26644889-6252-475B-805E-8F3D9C8E7AF4}
	EndGlobalSection
EndGlobal
